
Microsoft Visual Studio Solution File, Format Version 12.00
# Visual Studio 15
VisualStudioVersion = 15.0.28307.271
MinimumVisualStudioVersion = 10.0.40219.1
Project("{8BC9CEB8-8B4A-11D0-8D11-00A0C91BC942}") = "NoobyPhysicsEngine", "NoobyPhysicsEngine\NoobyPhysicsEngine.vcxproj", "{571B91AD-E88E-4F77-A90A-266E28D73EF8}"
EndProject
Global
	GlobalSection(SolutionConfigurationPlatforms) = preSolution
		Debug|x64 = Debug|x64
		Debug|x86 = Debug|x86
		Release|x64 = Release|x64
		Release|x86 = Release|x86
	EndGlobalSection
	GlobalSection(ProjectConfigurationPlatforms) = postSolution
		{571B91AD-E88E-4F77-A90A-266E28D73EF8}.Debug|x64.ActiveCfg = Debug|x64
		{571B91AD-E88E-4F77-A90A-266E28D73EF8}.Debug|x64.Build.0 = Debug|x64
		{571B91AD-E88E-4F77-A90A-266E28D73EF8}.Debug|x86.ActiveCfg = Debug|Win32
		{571B91AD-E88E-4F77-A90A-266E28D73EF8}.Debug|x86.Build.0 = Debug|Win32
		{571B91AD-E88E-4F77-A90A-266E28D73EF8}.Release|x64.ActiveCfg = Release|x64
		{571B91AD-E88E-4F77-A90A-266E28D73EF8}.Release|x64.Build.0 = Release|x64
		{571B91AD-E88E-4F77-A90A-266E28D73EF8}.Release|x86.ActiveCfg = Release|Win32
		{571B91AD-E88E-4F77-A90A-266E28D73EF8}.Release|x86.Build.0 = Release|Win32
	EndGlobalSection
	GlobalSection(SolutionProperties) = preSolution
		HideSolutionNode = FALSE
	EndGlobalSection
	GlobalSection(ExtensibilityGlobals) = postSolution
		SolutionGuid = {FCE98BF5-FF08-4D5D-AF3E-6C8301A28036}
	EndGlobalSection
EndGlobal
